
Microsoft Visual Studio Solution File, Format Version 12.00
# Visual Studio Version 17
VisualStudioVersion = 17.6.33723.286
MinimumVisualStudioVersion = 10.0.40219.1
Project("{9A19103F-16F7-4668-BE54-9A1E7A4F7556}") = "ScreenSoundAPI", "ScreenSoundAPI\ScreenSoundAPI.csproj", "{AB046EBE-6A8C-481B-B0CF-3D74CA45C764}"
EndProject
Global
	GlobalSection(SolutionConfigurationPlatforms) = preSolution
		Debug|Any CPU = Debug|Any CPU
		Release|Any CPU = Release|Any CPU
	EndGlobalSection
	GlobalSection(ProjectConfigurationPlatforms) = postSolution
		{AB046EBE-6A8C-481B-B0CF-3D74CA45C764}.Debug|Any CPU.ActiveCfg = Debug|Any CPU
		{AB046EBE-6A8C-481B-B0CF-3D74CA45C764}.Debug|Any CPU.Build.0 = Debug|Any CPU
		{AB046EBE-6A8C-481B-B0CF-3D74CA45C764}.Release|Any CPU.ActiveCfg = Release|Any CPU
		{AB046EBE-6A8C-481B-B0CF-3D74CA45C764}.Release|Any CPU.Build.0 = Release|Any CPU
	EndGlobalSection
	GlobalSection(SolutionProperties) = preSolution
		HideSolutionNode = FALSE
	EndGlobalSection
	GlobalSection(ExtensibilityGlobals) = postSolution
		SolutionGuid = {45C3CE3F-665E-4069-B9AA-849D770CDBFF}
	EndGlobalSection
EndGlobal
